
Microsoft Visual Studio Solution File, Format Version 12.00
# Visual Studio Version 17
VisualStudioVersion = 17.0.32014.148
MinimumVisualStudioVersion = 10.0.40219.1
Project("{FAE04EC0-301F-11D3-BF4B-00C04F79EFBC}") = "FizzBuzzWolfProject", "FizzBuzzWolfProject\FizzBuzzWolfProject.csproj", "{580B9FB5-08EC-455F-AAC9-DBE676181D86}"
EndProject
Global
	GlobalSection(SolutionConfigurationPlatforms) = preSolution
		Debug|Any CPU = Debug|Any CPU
		Release|Any CPU = Release|Any CPU
	EndGlobalSection
	GlobalSection(ProjectConfigurationPlatforms) = postSolution
		{580B9FB5-08EC-455F-AAC9-DBE676181D86}.Debug|Any CPU.ActiveCfg = Debug|Any CPU
		{580B9FB5-08EC-455F-AAC9-DBE676181D86}.Debug|Any CPU.Build.0 = Debug|Any CPU
		{580B9FB5-08EC-455F-AAC9-DBE676181D86}.Release|Any CPU.ActiveCfg = Release|Any CPU
		{580B9FB5-08EC-455F-AAC9-DBE676181D86}.Release|Any CPU.Build.0 = Release|Any CPU
	EndGlobalSection
	GlobalSection(SolutionProperties) = preSolution
		HideSolutionNode = FALSE
	EndGlobalSection
	GlobalSection(ExtensibilityGlobals) = postSolution
		SolutionGuid = {7363398B-D241-4FDD-BCF9-743BFD2A3C3E}
	EndGlobalSection
EndGlobal
